
Microsoft Visual Studio Solution File, Format Version 12.00
# Visual Studio Version 17
VisualStudioVersion = 17.5.33516.290
MinimumVisualStudioVersion = 10.0.40219.1
Project("{FAE04EC0-301F-11D3-BF4B-00C04F79EFBC}") = "UserJWT", "UserJWT\UserJWT.csproj", "{14BEBF01-10C0-4383-9A67-CA65CCBCB626}"
EndProject
Global
	GlobalSection(SolutionConfigurationPlatforms) = preSolution
		Debug|Any CPU = Debug|Any CPU
		Release|Any CPU = Release|Any CPU
	EndGlobalSection
	GlobalSection(ProjectConfigurationPlatforms) = postSolution
		{14BEBF01-10C0-4383-9A67-CA65CCBCB626}.Debug|Any CPU.ActiveCfg = Debug|Any CPU
		{14BEBF01-10C0-4383-9A67-CA65CCBCB626}.Debug|Any CPU.Build.0 = Debug|Any CPU
		{14BEBF01-10C0-4383-9A67-CA65CCBCB626}.Release|Any CPU.ActiveCfg = Release|Any CPU
		{14BEBF01-10C0-4383-9A67-CA65CCBCB626}.Release|Any CPU.Build.0 = Release|Any CPU
	EndGlobalSection
	GlobalSection(SolutionProperties) = preSolution
		HideSolutionNode = FALSE
	EndGlobalSection
	GlobalSection(ExtensibilityGlobals) = postSolution
		SolutionGuid = {3F5E7A92-9F85-4569-ABE3-1FF4670D184C}
	EndGlobalSection
EndGlobal
